
Microsoft Visual Studio Solution File, Format Version 12.00
# Visual Studio 14
VisualStudioVersion = 14.0.25420.1
MinimumVisualStudioVersion = 10.0.40219.1
Project("{FAE04EC0-301F-11D3-BF4B-00C04F79EFBC}") = "Dealership.MongoDb", "Dealership.MongoDb\Dealership.MongoDb.csproj", "{00006437-1084-44A0-957E-14ECB503DF19}"
EndProject
Project("{FAE04EC0-301F-11D3-BF4B-00C04F79EFBC}") = "Dealership.Common", "Dealership.Common\Dealership.Common.csproj", "{B58E0ED5-49D4-4EEE-8C08-252D4C666C03}"
EndProject
Project("{FAE04EC0-301F-11D3-BF4B-00C04F79EFBC}") = "Dealership.ConsoleClient", "Dealership.ConsoleClient\Dealership.ConsoleClient.csproj", "{3DC8CFC2-8F47-47FC-9544-806651E8FC47}"
	ProjectSection(ProjectDependencies) = postProject
		{08129128-3DF8-4940-9B88-9F464F3455DA} = {08129128-3DF8-4940-9B88-9F464F3455DA}
		{53DD272D-D0D0-4845-AFDE-80D2BC6B2C44} = {53DD272D-D0D0-4845-AFDE-80D2BC6B2C44}
		{D77C6761-58BF-416E-9064-4DE2AA6FFE5C} = {D77C6761-58BF-416E-9064-4DE2AA6FFE5C}
		{62207070-DE20-4BBB-9F3C-FD3CD82C3EB9} = {62207070-DE20-4BBB-9F3C-FD3CD82C3EB9}
	EndProjectSection
EndProject
Project("{FAE04EC0-301F-11D3-BF4B-00C04F79EFBC}") = "Dealership.Data", "Dealership.Data\Dealership.Data.csproj", "{9E65AEEE-5F94-418E-8F97-05FD08796DA7}"
EndProject
Project("{FAE04EC0-301F-11D3-BF4B-00C04F79EFBC}") = "Dealership.Models", "Dealership.Models\Dealership.Models.csproj", "{2732639C-1A0A-4DF3-9793-F5E21A1A5162}"
EndProject
Project("{FAE04EC0-301F-11D3-BF4B-00C04F79EFBC}") = "Dealership.ExcelFilesProcessing", "Dealership.ExcelFilesProcessing\Dealership.ExcelFilesProcessing.csproj", "{62207070-DE20-4BBB-9F3C-FD3CD82C3EB9}"
EndProject
Project("{FAE04EC0-301F-11D3-BF4B-00C04F79EFBC}") = "Dealership.Reports", "Dealership.Reports.Models\Dealership.Reports.csproj", "{D77C6761-58BF-416E-9064-4DE2AA6FFE5C}"
EndProject
Project("{FAE04EC0-301F-11D3-BF4B-00C04F79EFBC}") = "Dealership.XmlFilesProcessing", "Dealership.XmlFilesProcessing\Dealership.XmlFilesProcessing.csproj", "{53DD272D-D0D0-4845-AFDE-80D2BC6B2C44}"
EndProject
Project("{FAE04EC0-301F-11D3-BF4B-00C04F79EFBC}") = "Dealership.DataSeed", "Dealership.DataSeed\Dealership.DataSeed.csproj", "{08129128-3DF8-4940-9B88-9F464F3455DA}"
EndProject
Project("{FAE04EC0-301F-11D3-BF4B-00C04F79EFBC}") = "Dealership.JsonReporter", "Dealership.JsonReporter\Dealership.JsonReporter.csproj", "{650B11CF-BFB4-45EF-B485-25EB55A706D6}"
EndProject
Global
	GlobalSection(SolutionConfigurationPlatforms) = preSolution
		Debug|Any CPU = Debug|Any CPU
		Debug|x64 = Debug|x64
		Release|Any CPU = Release|Any CPU
		Release|x64 = Release|x64
	EndGlobalSection
	GlobalSection(ProjectConfigurationPlatforms) = postSolution
		{00006437-1084-44A0-957E-14ECB503DF19}.Debug|Any CPU.ActiveCfg = Debug|Any CPU
		{00006437-1084-44A0-957E-14ECB503DF19}.Debug|Any CPU.Build.0 = Debug|Any CPU
		{00006437-1084-44A0-957E-14ECB503DF19}.Debug|x64.ActiveCfg = Debug|x64
		{00006437-1084-44A0-957E-14ECB503DF19}.Debug|x64.Build.0 = Debug|x64
		{00006437-1084-44A0-957E-14ECB503DF19}.Release|Any CPU.ActiveCfg = Release|Any CPU
		{00006437-1084-44A0-957E-14ECB503DF19}.Release|Any CPU.Build.0 = Release|Any CPU
		{00006437-1084-44A0-957E-14ECB503DF19}.Release|x64.ActiveCfg = Release|x64
		{00006437-1084-44A0-957E-14ECB503DF19}.Release|x64.Build.0 = Release|x64
		{B58E0ED5-49D4-4EEE-8C08-252D4C666C03}.Debug|Any CPU.ActiveCfg = Debug|Any CPU
		{B58E0ED5-49D4-4EEE-8C08-252D4C666C03}.Debug|Any CPU.Build.0 = Debug|Any CPU
		{B58E0ED5-49D4-4EEE-8C08-252D4C666C03}.Debug|x64.ActiveCfg = Debug|x64
		{B58E0ED5-49D4-4EEE-8C08-252D4C666C03}.Debug|x64.Build.0 = Debug|x64
		{B58E0ED5-49D4-4EEE-8C08-252D4C666C03}.Release|Any CPU.ActiveCfg = Release|Any CPU
		{B58E0ED5-49D4-4EEE-8C08-252D4C666C03}.Release|Any CPU.Build.0 = Release|Any CPU
		{B58E0ED5-49D4-4EEE-8C08-252D4C666C03}.Release|x64.ActiveCfg = Release|x64
		{B58E0ED5-49D4-4EEE-8C08-252D4C666C03}.Release|x64.Build.0 = Release|x64
		{3DC8CFC2-8F47-47FC-9544-806651E8FC47}.Debug|Any CPU.ActiveCfg = Debug|Any CPU
		{3DC8CFC2-8F47-47FC-9544-806651E8FC47}.Debug|Any CPU.Build.0 = Debug|Any CPU
		{3DC8CFC2-8F47-47FC-9544-806651E8FC47}.Debug|x64.ActiveCfg = Debug|x64
		{3DC8CFC2-8F47-47FC-9544-806651E8FC47}.Debug|x64.Build.0 = Debug|x64
		{3DC8CFC2-8F47-47FC-9544-806651E8FC47}.Release|Any CPU.ActiveCfg = Release|Any CPU
		{3DC8CFC2-8F47-47FC-9544-806651E8FC47}.Release|Any CPU.Build.0 = Release|Any CPU
		{3DC8CFC2-8F47-47FC-9544-806651E8FC47}.Release|x64.ActiveCfg = Release|x64
		{3DC8CFC2-8F47-47FC-9544-806651E8FC47}.Release|x64.Build.0 = Release|x64
		{9E65AEEE-5F94-418E-8F97-05FD08796DA7}.Debug|Any CPU.ActiveCfg = Debug|Any CPU
		{9E65AEEE-5F94-418E-8F97-05FD08796DA7}.Debug|Any CPU.Build.0 = Debug|Any CPU
		{9E65AEEE-5F94-418E-8F97-05FD08796DA7}.Debug|x64.ActiveCfg = Debug|x64
		{9E65AEEE-5F94-418E-8F97-05FD08796DA7}.Debug|x64.Build.0 = Debug|x64
		{9E65AEEE-5F94-418E-8F97-05FD08796DA7}.Release|Any CPU.ActiveCfg = Release|Any CPU
		{9E65AEEE-5F94-418E-8F97-05FD08796DA7}.Release|Any CPU.Build.0 = Release|Any CPU
		{9E65AEEE-5F94-418E-8F97-05FD08796DA7}.Release|x64.ActiveCfg = Release|x64
		{9E65AEEE-5F94-418E-8F97-05FD08796DA7}.Release|x64.Build.0 = Release|x64
		{2732639C-1A0A-4DF3-9793-F5E21A1A5162}.Debug|Any CPU.ActiveCfg = Debug|Any CPU
		{2732639C-1A0A-4DF3-9793-F5E21A1A5162}.Debug|Any CPU.Build.0 = Debug|Any CPU
		{2732639C-1A0A-4DF3-9793-F5E21A1A5162}.Debug|x64.ActiveCfg = Debug|x64
		{2732639C-1A0A-4DF3-9793-F5E21A1A5162}.Debug|x64.Build.0 = Debug|x64
		{2732639C-1A0A-4DF3-9793-F5E21A1A5162}.Release|Any CPU.ActiveCfg = Release|Any CPU
		{2732639C-1A0A-4DF3-9793-F5E21A1A5162}.Release|Any CPU.Build.0 = Release|Any CPU
		{2732639C-1A0A-4DF3-9793-F5E21A1A5162}.Release|x64.ActiveCfg = Release|x64
		{2732639C-1A0A-4DF3-9793-F5E21A1A5162}.Release|x64.Build.0 = Release|x64
		{62207070-DE20-4BBB-9F3C-FD3CD82C3EB9}.Debug|Any CPU.ActiveCfg = Debug|Any CPU
		{62207070-DE20-4BBB-9F3C-FD3CD82C3EB9}.Debug|Any CPU.Build.0 = Debug|Any CPU
		{62207070-DE20-4BBB-9F3C-FD3CD82C3EB9}.Debug|x64.ActiveCfg = Debug|x64
		{62207070-DE20-4BBB-9F3C-FD3CD82C3EB9}.Debug|x64.Build.0 = Debug|x64
		{62207070-DE20-4BBB-9F3C-FD3CD82C3EB9}.Release|Any CPU.ActiveCfg = Release|Any CPU
		{62207070-DE20-4BBB-9F3C-FD3CD82C3EB9}.Release|Any CPU.Build.0 = Release|Any CPU
		{62207070-DE20-4BBB-9F3C-FD3CD82C3EB9}.Release|x64.ActiveCfg = Release|x64
		{62207070-DE20-4BBB-9F3C-FD3CD82C3EB9}.Release|x64.Build.0 = Release|x64
		{D77C6761-58BF-416E-9064-4DE2AA6FFE5C}.Debug|Any CPU.ActiveCfg = Debug|Any CPU
		{D77C6761-58BF-416E-9064-4DE2AA6FFE5C}.Debug|Any CPU.Build.0 = Debug|Any CPU
		{D77C6761-58BF-416E-9064-4DE2AA6FFE5C}.Debug|x64.ActiveCfg = Debug|x64
		{D77C6761-58BF-416E-9064-4DE2AA6FFE5C}.Debug|x64.Build.0 = Debug|x64
		{D77C6761-58BF-416E-9064-4DE2AA6FFE5C}.Release|Any CPU.ActiveCfg = Release|Any CPU
		{D77C6761-58BF-416E-9064-4DE2AA6FFE5C}.Release|Any CPU.Build.0 = Release|Any CPU
		{D77C6761-58BF-416E-9064-4DE2AA6FFE5C}.Release|x64.ActiveCfg = Release|x64
		{D77C6761-58BF-416E-9064-4DE2AA6FFE5C}.Release|x64.Build.0 = Release|x64
		{53DD272D-D0D0-4845-AFDE-80D2BC6B2C44}.Debug|Any CPU.ActiveCfg = Debug|Any CPU
		{53DD272D-D0D0-4845-AFDE-80D2BC6B2C44}.Debug|Any CPU.Build.0 = Debug|Any CPU
		{53DD272D-D0D0-4845-AFDE-80D2BC6B2C44}.Debug|x64.ActiveCfg = Debug|x64
		{53DD272D-D0D0-4845-AFDE-80D2BC6B2C44}.Debug|x64.Build.0 = Debug|x64
		{53DD272D-D0D0-4845-AFDE-80D2BC6B2C44}.Release|Any CPU.ActiveCfg = Release|Any CPU
		{53DD272D-D0D0-4845-AFDE-80D2BC6B2C44}.Release|Any CPU.Build.0 = Release|Any CPU
		{53DD272D-D0D0-4845-AFDE-80D2BC6B2C44}.Release|x64.ActiveCfg = Release|x64
		{53DD272D-D0D0-4845-AFDE-80D2BC6B2C44}.Release|x64.Build.0 = Release|x64
		{08129128-3DF8-4940-9B88-9F464F3455DA}.Debug|Any CPU.ActiveCfg = Debug|Any CPU
		{08129128-3DF8-4940-9B88-9F464F3455DA}.Debug|Any CPU.Build.0 = Debug|Any CPU
		{08129128-3DF8-4940-9B88-9F464F3455DA}.Debug|x64.ActiveCfg = Debug|x64
		{08129128-3DF8-4940-9B88-9F464F3455DA}.Debug|x64.Build.0 = Debug|x64
		{08129128-3DF8-4940-9B88-9F464F3455DA}.Release|Any CPU.ActiveCfg = Release|Any CPU
		{08129128-3DF8-4940-9B88-9F464F3455DA}.Release|Any CPU.Build.0 = Release|Any CPU
		{08129128-3DF8-4940-9B88-9F464F3455DA}.Release|x64.ActiveCfg = Release|x64
		{08129128-3DF8-4940-9B88-9F464F3455DA}.Release|x64.Build.0 = Release|x64
		{650B11CF-BFB4-45EF-B485-25EB55A706D6}.Debug|Any CPU.ActiveCfg = Debug|Any CPU
		{650B11CF-BFB4-45EF-B485-25EB55A706D6}.Debug|Any CPU.Build.0 = Debug|Any CPU
		{650B11CF-BFB4-45EF-B485-25EB55A706D6}.Debug|x64.ActiveCfg = Debug|x64
		{650B11CF-BFB4-45EF-B485-25EB55A706D6}.Debug|x64.Build.0 = Debug|x64
		{650B11CF-BFB4-45EF-B485-25EB55A706D6}.Release|Any CPU.ActiveCfg = Release|Any CPU
		{650B11CF-BFB4-45EF-B485-25EB55A706D6}.Release|Any CPU.Build.0 = Release|Any CPU
		{650B11CF-BFB4-45EF-B485-25EB55A706D6}.Release|x64.ActiveCfg = Release|x64
		{650B11CF-BFB4-45EF-B485-25EB55A706D6}.Release|x64.Build.0 = Release|x64
	EndGlobalSection
	GlobalSection(SolutionProperties) = preSolution
		HideSolutionNode = FALSE
	EndGlobalSection
EndGlobal
